
Microsoft Visual Studio Solution File, Format Version 12.00
# Visual Studio Version 17
VisualStudioVersion = 17.13.35919.96 d17.13
MinimumVisualStudioVersion = 10.0.40219.1
Project("{FAE04EC0-301F-11D3-BF4B-00C04F79EFBC}") = "UserManagingApp", "UserManagingApp\UserManagingApp.csproj", "{32AC0CAE-162C-4978-9C26-D2A70BFEBCC5}"
EndProject
Global
	GlobalSection(SolutionConfigurationPlatforms) = preSolution
		Debug|Any CPU = Debug|Any CPU
		Release|Any CPU = Release|Any CPU
	EndGlobalSection
	GlobalSection(ProjectConfigurationPlatforms) = postSolution
		{32AC0CAE-162C-4978-9C26-D2A70BFEBCC5}.Debug|Any CPU.ActiveCfg = Debug|Any CPU
		{32AC0CAE-162C-4978-9C26-D2A70BFEBCC5}.Debug|Any CPU.Build.0 = Debug|Any CPU
		{32AC0CAE-162C-4978-9C26-D2A70BFEBCC5}.Release|Any CPU.ActiveCfg = Release|Any CPU
		{32AC0CAE-162C-4978-9C26-D2A70BFEBCC5}.Release|Any CPU.Build.0 = Release|Any CPU
	EndGlobalSection
	GlobalSection(SolutionProperties) = preSolution
		HideSolutionNode = FALSE
	EndGlobalSection
	GlobalSection(ExtensibilityGlobals) = postSolution
		SolutionGuid = {8BCE239D-E5A9-49A1-AB50-163F29428E9B}
	EndGlobalSection
EndGlobal
